
Microsoft Visual Studio Solution File, Format Version 12.00
Project("{FAE04EC0-301F-11D3-BF4B-00C04F79EFBC}") = "WebApplication1", "WebApplication1\WebApplication1.csproj", "{D06BD5B9-A143-4CED-8C00-2036E764472D}"
EndProject
Global
	GlobalSection(SolutionConfigurationPlatforms) = preSolution
		Debug|Any CPU = Debug|Any CPU
		Release|Any CPU = Release|Any CPU
	EndGlobalSection
	GlobalSection(ProjectConfigurationPlatforms) = postSolution
		{D06BD5B9-A143-4CED-8C00-2036E764472D}.Debug|Any CPU.ActiveCfg = Debug|Any CPU
		{D06BD5B9-A143-4CED-8C00-2036E764472D}.Debug|Any CPU.Build.0 = Debug|Any CPU
		{D06BD5B9-A143-4CED-8C00-2036E764472D}.Release|Any CPU.ActiveCfg = Release|Any CPU
		{D06BD5B9-A143-4CED-8C00-2036E764472D}.Release|Any CPU.Build.0 = Release|Any CPU
	EndGlobalSection
EndGlobal
